# This file is autogenerated, do not edit; changes may be undone by the next 'dep ensure'.


[[projects]]
  name = "github.com/boltdb/bolt"
  packages = ["."]
  revision = "2f1ce7a837dcb8da3ec595b1dac9d0632f0f99e8"
  version = "v1.3.1"

[[projects]]
  name = "github.com/disintegration/imaging"
  packages = ["."]
  revision = "fd34ef7671b12cdf1b024d98c6b327b2770d32c4"
  version = "v1.4.1"

[[projects]]
  branch = "master"
  name = "github.com/ego008/youdb"
  packages = ["."]
  revision = "9300f34735d23901821ba8a43b725d89a2791db6"

[[projects]]
  name = "github.com/gorilla/securecookie"
  packages = ["."]
  revision = "e59506cc896acb7f7bf732d4fdf5e25f7ccd8983"
  version = "v1.1.1"

[[projects]]
  name = "github.com/klauspost/compress"
  packages = [
    "flate",
    "gzip"
  ]
  revision = "6c8db69c4b49dd4df1fff66996cf556176d0b9bf"
  version = "v1.2.1"

[[projects]]
  name = "github.com/klauspost/cpuid"
  packages = ["."]
  revision = "ae7887de9fa5d2db4eaa8174a7eff2c1ac00f2da"
  version = "v1.1"

[[projects]]
  name = "github.com/klauspost/crc32"
  packages = ["."]
  revision = "cb6bfca970f6908083f26f39a79009d608efd5cd"
  version = "v1.1"

[[projects]]
  name = "github.com/o1egl/govatar"
  packages = [
    ".",
    "bindata"
  ]
  revision = "24a017dc0e9680762aeddd75c4f9cd91c55ad5b8"
  version = "0.2.0"

[[projects]]
  name = "github.com/qiniu/api.v7"
  packages = [
    "auth/qbox",
    "conf",
    "storage"
  ]
  revision = "0c661d0ca96771709f67b3d9eac10f27033b1f2a"
  version = "v7.2.3"

[[projects]]
  name = "github.com/qiniu/x"
  packages = [
    "bytes.v7",
    "bytes.v7/seekable",
    "ctype.v7",
    "rpc.v7",
    "xlog.v7"
  ]
  revision = "946c4a16076d6d98aeb78619e2bd4012357f7228"
  version = "v7.0.8"

[[projects]]
  name = "github.com/rs/xid"
  packages = ["."]
  revision = "02dd45c33376f85d1064355dc790dcc4850596b1"
  version = "v1.1"

[[projects]]
  branch = "master"
  name = "github.com/weint/config"
  packages = ["."]
  revision = "16809f7a22140294610d77c8a4a0bf0bcd01c509"

[[projects]]
  branch = "master"
  name = "github.com/weint/httpclient"
  packages = ["."]
  revision = "7cb74e3de99888ee8325b8ebd6153ebc36ca21d9"

[[projects]]
  branch = "master"
  name = "github.com/xi2/httpgzip"
  packages = [
    ".",
    "internal/gzip"
  ]
  revision = "d5b8e0abf5722e91519cac2bb5954acea2b34140"

[[projects]]
  name = "goji.io"
  packages = [
    ".",
    "internal",
    "pat",
    "pattern"
  ]
  revision = "0d89ff54b2c18c9c4ba530e32496aef902d3c6cd"
  version = "v2.0"

[[projects]]
  branch = "master"
  name = "golang.org/x/crypto"
  packages = [
    "acme",
    "acme/autocert"
  ]
  revision = "b49d69b5da943f7ef3c9cf91c8777c1f78a0cc3c"

[[projects]]
  branch = "master"
  name = "golang.org/x/image"
  packages = [
    "bmp",
    "tiff",
    "tiff/lzw"
  ]
  revision = "f315e440302883054d0c2bd85486878cb4f8572c"

[[projects]]
  branch = "master"
  name = "golang.org/x/net"
  packages = [
    "context",
    "http/httpguts",
    "http2",
    "http2/hpack",
    "idna",
    "lex/httplex"
  ]
  revision = "5f9ae10d9af5b1c89ae6904293b14b064d4ada23"

[[projects]]
  branch = "master"
  name = "golang.org/x/sys"
  packages = ["unix"]
  revision = "f67ecc163a74fbeea4cb1db0a101dcd07201464a"

[[projects]]
  name = "golang.org/x/text"
  packages = [
    "collate",
    "collate/build",
    "internal/colltab",
    "internal/gen",
    "internal/tag",
    "internal/triegen",
    "internal/ucd",
    "language",
    "secure/bidirule",
    "transform",
    "unicode/bidi",
    "unicode/cldr",
    "unicode/norm",
    "unicode/rangetable"
  ]
  revision = "f21a4dfb5e38f5895301dc265a8def02365cc3d0"
  version = "v0.3.0"

[[projects]]
  name = "gopkg.in/h2non/filetype.v1"
  packages = [
    ".",
    "matchers",
    "types"
  ]
  revision = "cc14fdc9ca0e4c2bafad7458f6ff79fd3947cfbb"
  version = "v1.0.5"

[[projects]]
  name = "gopkg.in/yaml.v2"
  packages = ["."]
  revision = "5420a8b6744d3b0345ab293f6fcba19c978f1183"
  version = "v2.2.1"

[[projects]]
  name = "qiniupkg.com/x"
  packages = [
    "bytes.v7",
    "log.v7",
    "reqid.v7"
  ]
  revision = "8fdcb89a80ae34e50b752c0dace258eb0256d2d8"
  version = "v7.0.7"

[solve-meta]
  analyzer-name = "dep"
  analyzer-version = 1
  inputs-digest = "f3c0e7cf2a1ff6ef5362dd74028e6c063107af2d9042aaa1f383c43170f0811d"
  solver-name = "gps-cdcl"
  solver-version = 1
